
Microsoft Visual Studio Solution File, Format Version 12.00
# Visual Studio Version 17
VisualStudioVersion = 17.0.31903.59
MinimumVisualStudioVersion = 10.0.40219.1
Project("{2150E333-8FDC-42A3-9474-1A3956D46DE8}") = "src", "src", "{827E0CD3-B72D-47B6-A68D-7590B98EB39B}"
EndProject
Project("{FAE04EC0-301F-11D3-BF4B-00C04F79EFBC}") = "ClinicBooking.Domain", "src\ClinicBooking.Domain\ClinicBooking.Domain.csproj", "{C37FC9D3-5C51-415A-9A17-D613219CF9EC}"
EndProject
Project("{FAE04EC0-301F-11D3-BF4B-00C04F79EFBC}") = "ClinicBooking.Application", "src\ClinicBooking.Application\ClinicBooking.Application.csproj", "{55A9892A-81E5-4929-81DE-540B7E9E4854}"
EndProject
Project("{FAE04EC0-301F-11D3-BF4B-00C04F79EFBC}") = "ClinicBooking.Infrastructure", "src\ClinicBooking.Infrastructure\ClinicBooking.Infrastructure.csproj", "{B18502A6-2756-47C5-B441-AFE4409E4F41}"
EndProject
Project("{FAE04EC0-301F-11D3-BF4B-00C04F79EFBC}") = "ClinicBooking.Api", "src\ClinicBooking.Api\ClinicBooking.Api.csproj", "{36E290D8-BD49-4E70-9B37-6EFAFBC2FDD8}"
EndProject
Global
	GlobalSection(SolutionConfigurationPlatforms) = preSolution
		Debug|Any CPU = Debug|Any CPU
		Debug|x64 = Debug|x64
		Debug|x86 = Debug|x86
		Release|Any CPU = Release|Any CPU
		Release|x64 = Release|x64
		Release|x86 = Release|x86
	EndGlobalSection
	GlobalSection(ProjectConfigurationPlatforms) = postSolution
		{C37FC9D3-5C51-415A-9A17-D613219CF9EC}.Debug|Any CPU.ActiveCfg = Debug|Any CPU
		{C37FC9D3-5C51-415A-9A17-D613219CF9EC}.Debug|Any CPU.Build.0 = Debug|Any CPU
		{C37FC9D3-5C51-415A-9A17-D613219CF9EC}.Debug|x64.ActiveCfg = Debug|Any CPU
		{C37FC9D3-5C51-415A-9A17-D613219CF9EC}.Debug|x64.Build.0 = Debug|Any CPU
		{C37FC9D3-5C51-415A-9A17-D613219CF9EC}.Debug|x86.ActiveCfg = Debug|Any CPU
		{C37FC9D3-5C51-415A-9A17-D613219CF9EC}.Debug|x86.Build.0 = Debug|Any CPU
		{C37FC9D3-5C51-415A-9A17-D613219CF9EC}.Release|Any CPU.ActiveCfg = Release|Any CPU
		{C37FC9D3-5C51-415A-9A17-D613219CF9EC}.Release|Any CPU.Build.0 = Release|Any CPU
		{C37FC9D3-5C51-415A-9A17-D613219CF9EC}.Release|x64.ActiveCfg = Release|Any CPU
		{C37FC9D3-5C51-415A-9A17-D613219CF9EC}.Release|x64.Build.0 = Release|Any CPU
		{C37FC9D3-5C51-415A-9A17-D613219CF9EC}.Release|x86.ActiveCfg = Release|Any CPU
		{C37FC9D3-5C51-415A-9A17-D613219CF9EC}.Release|x86.Build.0 = Release|Any CPU
		{55A9892A-81E5-4929-81DE-540B7E9E4854}.Debug|Any CPU.ActiveCfg = Debug|Any CPU
		{55A9892A-81E5-4929-81DE-540B7E9E4854}.Debug|Any CPU.Build.0 = Debug|Any CPU
		{55A9892A-81E5-4929-81DE-540B7E9E4854}.Debug|x64.ActiveCfg = Debug|Any CPU
		{55A9892A-81E5-4929-81DE-540B7E9E4854}.Debug|x64.Build.0 = Debug|Any CPU
		{55A9892A-81E5-4929-81DE-540B7E9E4854}.Debug|x86.ActiveCfg = Debug|Any CPU
		{55A9892A-81E5-4929-81DE-540B7E9E4854}.Debug|x86.Build.0 = Debug|Any CPU
		{55A9892A-81E5-4929-81DE-540B7E9E4854}.Release|Any CPU.ActiveCfg = Release|Any CPU
		{55A9892A-81E5-4929-81DE-540B7E9E4854}.Release|Any CPU.Build.0 = Release|Any CPU
		{55A9892A-81E5-4929-81DE-540B7E9E4854}.Release|x64.ActiveCfg = Release|Any CPU
		{55A9892A-81E5-4929-81DE-540B7E9E4854}.Release|x64.Build.0 = Release|Any CPU
		{55A9892A-81E5-4929-81DE-540B7E9E4854}.Release|x86.ActiveCfg = Release|Any CPU
		{55A9892A-81E5-4929-81DE-540B7E9E4854}.Release|x86.Build.0 = Release|Any CPU
		{B18502A6-2756-47C5-B441-AFE4409E4F41}.Debug|Any CPU.ActiveCfg = Debug|Any CPU
		{B18502A6-2756-47C5-B441-AFE4409E4F41}.Debug|Any CPU.Build.0 = Debug|Any CPU
		{B18502A6-2756-47C5-B441-AFE4409E4F41}.Debug|x64.ActiveCfg = Debug|Any CPU
		{B18502A6-2756-47C5-B441-AFE4409E4F41}.Debug|x64.Build.0 = Debug|Any CPU
		{B18502A6-2756-47C5-B441-AFE4409E4F41}.Debug|x86.ActiveCfg = Debug|Any CPU
		{B18502A6-2756-47C5-B441-AFE4409E4F41}.Debug|x86.Build.0 = Debug|Any CPU
		{B18502A6-2756-47C5-B441-AFE4409E4F41}.Release|Any CPU.ActiveCfg = Release|Any CPU
		{B18502A6-2756-47C5-B441-AFE4409E4F41}.Release|Any CPU.Build.0 = Release|Any CPU
		{B18502A6-2756-47C5-B441-AFE4409E4F41}.Release|x64.ActiveCfg = Release|Any CPU
		{B18502A6-2756-47C5-B441-AFE4409E4F41}.Release|x64.Build.0 = Release|Any CPU
		{B18502A6-2756-47C5-B441-AFE4409E4F41}.Release|x86.ActiveCfg = Release|Any CPU
		{B18502A6-2756-47C5-B441-AFE4409E4F41}.Release|x86.Build.0 = Release|Any CPU
		{36E290D8-BD49-4E70-9B37-6EFAFBC2FDD8}.Debug|Any CPU.ActiveCfg = Debug|Any CPU
		{36E290D8-BD49-4E70-9B37-6EFAFBC2FDD8}.Debug|Any CPU.Build.0 = Debug|Any CPU
		{36E290D8-BD49-4E70-9B37-6EFAFBC2FDD8}.Debug|x64.ActiveCfg = Debug|Any CPU
		{36E290D8-BD49-4E70-9B37-6EFAFBC2FDD8}.Debug|x64.Build.0 = Debug|Any CPU
		{36E290D8-BD49-4E70-9B37-6EFAFBC2FDD8}.Debug|x86.ActiveCfg = Debug|Any CPU
		{36E290D8-BD49-4E70-9B37-6EFAFBC2FDD8}.Debug|x86.Build.0 = Debug|Any CPU
		{36E290D8-BD49-4E70-9B37-6EFAFBC2FDD8}.Release|Any CPU.ActiveCfg = Release|Any CPU
		{36E290D8-BD49-4E70-9B37-6EFAFBC2FDD8}.Release|Any CPU.Build.0 = Release|Any CPU
		{36E290D8-BD49-4E70-9B37-6EFAFBC2FDD8}.Release|x64.ActiveCfg = Release|Any CPU
		{36E290D8-BD49-4E70-9B37-6EFAFBC2FDD8}.Release|x64.Build.0 = Release|Any CPU
		{36E290D8-BD49-4E70-9B37-6EFAFBC2FDD8}.Release|x86.ActiveCfg = Release|Any CPU
		{36E290D8-BD49-4E70-9B37-6EFAFBC2FDD8}.Release|x86.Build.0 = Release|Any CPU
	EndGlobalSection
	GlobalSection(SolutionProperties) = preSolution
		HideSolutionNode = FALSE
	EndGlobalSection
	GlobalSection(NestedProjects) = preSolution
		{C37FC9D3-5C51-415A-9A17-D613219CF9EC} = {827E0CD3-B72D-47B6-A68D-7590B98EB39B}
		{55A9892A-81E5-4929-81DE-540B7E9E4854} = {827E0CD3-B72D-47B6-A68D-7590B98EB39B}
		{B18502A6-2756-47C5-B441-AFE4409E4F41} = {827E0CD3-B72D-47B6-A68D-7590B98EB39B}
		{36E290D8-BD49-4E70-9B37-6EFAFBC2FDD8} = {827E0CD3-B72D-47B6-A68D-7590B98EB39B}
	EndGlobalSection
EndGlobal
